
Microsoft Visual Studio Solution File, Format Version 12.00
# Visual Studio 2012
Project("{FAE04EC0-301F-11D3-BF4B-00C04F79EFBC}") = "web", "web\web.csproj", "{3BB535E8-C2CB-456D-B5B7-B3819137FD1C}"
EndProject
Project("{2150E333-8FDC-42A3-9474-1A3956D46DE8}") = "build", "build", "{B5CD2B87-B65B-443B-982C-BF6801768BF0}"
	ProjectSection(SolutionItems) = preProject
		..\build\scripts\configure_cadmium_nfWebCrypto_Linux_plugin.sh = ..\build\scripts\configure_cadmium_nfWebCrypto_Linux_plugin.sh
	EndProjectSection
EndProject
Global
	GlobalSection(SolutionConfigurationPlatforms) = preSolution
		Debug|Any CPU = Debug|Any CPU
		Release|Any CPU = Release|Any CPU
	EndGlobalSection
	GlobalSection(ProjectConfigurationPlatforms) = postSolution
		{3BB535E8-C2CB-456D-B5B7-B3819137FD1C}.Debug|Any CPU.ActiveCfg = Debug|Any CPU
		{3BB535E8-C2CB-456D-B5B7-B3819137FD1C}.Debug|Any CPU.Build.0 = Debug|Any CPU
		{3BB535E8-C2CB-456D-B5B7-B3819137FD1C}.Release|Any CPU.ActiveCfg = Release|Any CPU
		{3BB535E8-C2CB-456D-B5B7-B3819137FD1C}.Release|Any CPU.Build.0 = Release|Any CPU
	EndGlobalSection
	GlobalSection(SolutionProperties) = preSolution
		HideSolutionNode = FALSE
	EndGlobalSection
EndGlobal
